<?xml version="1.0" encoding="utf-8"?>
<Project ToolsVersion="4.0" xmlns="http://schemas.microsoft.com/developer/msbuild/2003">
  <ItemGroup>
    <Filter Include="Source Files">
      <UniqueIdentifier>{4FC737F1-C7A5-4376-A066-2A32D752A2FF}</UniqueIdentifier>
      <Extensions>cpp;c;cc;cxx;c++;cppm;ixx;def;odl;idl;hpj;bat;asm;asmx</Extensions>
    </Filter>
    <Filter Include="Header Files">
      <UniqueIdentifier>{93995380-89BD-4b04-88EB-625FBE52EBFB}</UniqueIdentifier>
      <Extensions>h;hh;hpp;hxx;h++;hm;inl;inc;ipp;xsd</Extensions>
    </Filter>
    <Filter Include="Resource Files">
      <UniqueIdentifier>{67DA6AB6-F800-4c08-8B7A-83BB121AAD01}</UniqueIdentifier>
      <Extensions>rc;ico;cur;bmp;dlg;rc2;rct;bin;rgs;gif;jpg;jpeg;jpe;resx;tiff;tif;png;wav;mfcribbon-ms</Extensions>
    </Filter>
    <Filter Include="Cuda">
      <UniqueIdentifier>{bb3777dd-7eab-49f6-ae18-b3bc4ccae964}</UniqueIdentifier>
    </Filter>
  </ItemGroup>
  <ItemGroup>
    <ClCompile Include="Yanni.cpp">
      <Filter>Source Files</Filter>
    </ClCompile>
    <ClCompile Include="activationFunctions.cpp">
      <Filter>Source Files</Filter>
    </ClCompile>
    <ClCompile Include="layer.cpp">
      <Filter>Source Files</Filter>
    </ClCompile>
    <ClCompile Include="learningRateFunctions.cpp">
      <Filter>Source Files</Filter>
    </ClCompile>
    <ClCompile Include="lossFunctions.cpp">
      <Filter>Source Files</Filter>
    </ClCompile>
    <ClCompile Include="neuralNetwork.cpp">
      <Filter>Source Files</Filter>
    </ClCompile>
    <ClCompile Include="readMnist.cpp">
      <Filter>Source Files</Filter>
    </ClCompile>
    <ClCompile Include="statisticFunctions.cpp">
      <Filter>Source Files</Filter>
    </ClCompile>
    <ClCompile Include="workerThread.cpp">
      <Filter>Source Files</Filter>
    </ClCompile>
  </ItemGroup>
  <ItemGroup>
    <ClInclude Include="activationFunctions.h">
      <Filter>Header Files</Filter>
    </ClInclude>
    <ClInclude Include="enums.h">
      <Filter>Header Files</Filter>
    </ClInclude>
    <ClInclude Include="gradientFunctions.h">
      <Filter>Header Files</Filter>
    </ClInclude>
    <ClInclude Include="layer.h">
      <Filter>Header Files</Filter>
    </ClInclude>
    <ClInclude Include="learningRateFunctions.h">
      <Filter>Header Files</Filter>
    </ClInclude>
    <ClInclude Include="lossFunctions.h">
      <Filter>Header Files</Filter>
    </ClInclude>
    <ClInclude Include="mnistData.h">
      <Filter>Header Files</Filter>
    </ClInclude>
    <ClInclude Include="neuralNetwork.h">
      <Filter>Header Files</Filter>
    </ClInclude>
    <ClInclude Include="readMnist.h">
      <Filter>Header Files</Filter>
    </ClInclude>
    <ClInclude Include="statisticFunctions.h">
      <Filter>Header Files</Filter>
    </ClInclude>
    <ClInclude Include="workerThread.h">
      <Filter>Header Files</Filter>
    </ClInclude>
    <ClInclude Include="Yanni.h">
      <Filter>Header Files</Filter>
    </ClInclude>
    <ClInclude Include="activationFunctionsCuda.cuh">
      <Filter>Cuda</Filter>
    </ClInclude>
    <ClInclude Include="enumsCuda.cuh">
      <Filter>Cuda</Filter>
    </ClInclude>
    <ClInclude Include="gradientFunctionsCuda.cuh">
      <Filter>Cuda</Filter>
    </ClInclude>
    <ClInclude Include="layerCuda.cuh">
      <Filter>Cuda</Filter>
    </ClInclude>
    <ClInclude Include="learningRateFunctionsCuda.cuh">
      <Filter>Cuda</Filter>
    </ClInclude>
    <ClInclude Include="lossFunctionsCuda.cuh">
      <Filter>Cuda</Filter>
    </ClInclude>
    <ClInclude Include="neuralNetworkCuda.cuh">
      <Filter>Cuda</Filter>
    </ClInclude>
    <ClInclude Include="statisticFunctionsCuda.cuh">
      <Filter>Cuda</Filter>
    </ClInclude>
  </ItemGroup>
  <ItemGroup>
    <None Include="netConfig.json">
      <Filter>Resource Files</Filter>
    </None>
    <None Include="ode_homework.m" />
  </ItemGroup>
  <ItemGroup>
    <CudaCompile Include="activationFunctionsCuda.cu">
      <Filter>Cuda</Filter>
    </CudaCompile>
    <CudaCompile Include="lossFunctionsCuda.cu">
      <Filter>Cuda</Filter>
    </CudaCompile>
    <CudaCompile Include="neuNetCuda.cu">
      <Filter>Cuda</Filter>
    </CudaCompile>
    <CudaCompile Include="ramdom.cu">
      <Filter>Cuda</Filter>
    </CudaCompile>
  </ItemGroup>
</Project>